
Microsoft Visual Studio Solution File, Format Version 12.00
# Visual Studio 15
VisualStudioVersion = 15.0.26430.14
MinimumVisualStudioVersion = 10.0.40219.1
Project("{F184B08F-C81C-45F6-A57F-5ABD9991F28F}") = "SkyEditor.SaveEditor.UI.WPF", "SkyEditor.SaveEditor.UI.WPF\SkyEditor.SaveEditor.UI.WPF.vbproj", "{A013609F-7E04-4F1A-AC09-8D6885539086}"
EndProject
Project("{2150E333-8FDC-42A3-9474-1A3956D46DE8}") = "Tests", "Tests", "{0CA3F39C-DDAE-4500-AA4C-62707E641DA8}"
EndProject
Project("{9A19103F-16F7-4668-BE54-9A1E7A4F7556}") = "SkyEditor.SaveEditor", "SkyEditor.SaveEditor\SkyEditor.SaveEditor.csproj", "{EC69C3F0-74C2-4256-BC4B-021ECEBDC769}"
EndProject
Project("{9A19103F-16F7-4668-BE54-9A1E7A4F7556}") = "SkyEditor.SaveEditor.Tests", "Tests\SkyEditor.SaveEditor.Tests\SkyEditor.SaveEditor.Tests.csproj", "{2D43EA9B-92B5-449B-8496-070BD37611A5}"
EndProject
Global
	GlobalSection(SolutionConfigurationPlatforms) = preSolution
		Debug|Any CPU = Debug|Any CPU
		Debug|ARM = Debug|ARM
		Debug|x64 = Debug|x64
		Debug|x86 = Debug|x86
		Release|Any CPU = Release|Any CPU
		Release|ARM = Release|ARM
		Release|x64 = Release|x64
		Release|x86 = Release|x86
	EndGlobalSection
	GlobalSection(ProjectConfigurationPlatforms) = postSolution
		{A013609F-7E04-4F1A-AC09-8D6885539086}.Debug|Any CPU.ActiveCfg = Debug|Any CPU
		{A013609F-7E04-4F1A-AC09-8D6885539086}.Debug|Any CPU.Build.0 = Debug|Any CPU
		{A013609F-7E04-4F1A-AC09-8D6885539086}.Debug|ARM.ActiveCfg = Debug|Any CPU
		{A013609F-7E04-4F1A-AC09-8D6885539086}.Debug|ARM.Build.0 = Debug|Any CPU
		{A013609F-7E04-4F1A-AC09-8D6885539086}.Debug|x64.ActiveCfg = Debug|Any CPU
		{A013609F-7E04-4F1A-AC09-8D6885539086}.Debug|x64.Build.0 = Debug|Any CPU
		{A013609F-7E04-4F1A-AC09-8D6885539086}.Debug|x86.ActiveCfg = Debug|Any CPU
		{A013609F-7E04-4F1A-AC09-8D6885539086}.Debug|x86.Build.0 = Debug|Any CPU
		{A013609F-7E04-4F1A-AC09-8D6885539086}.Release|Any CPU.ActiveCfg = Release|Any CPU
		{A013609F-7E04-4F1A-AC09-8D6885539086}.Release|Any CPU.Build.0 = Release|Any CPU
		{A013609F-7E04-4F1A-AC09-8D6885539086}.Release|ARM.ActiveCfg = Release|Any CPU
		{A013609F-7E04-4F1A-AC09-8D6885539086}.Release|ARM.Build.0 = Release|Any CPU
		{A013609F-7E04-4F1A-AC09-8D6885539086}.Release|x64.ActiveCfg = Release|Any CPU
		{A013609F-7E04-4F1A-AC09-8D6885539086}.Release|x64.Build.0 = Release|Any CPU
		{A013609F-7E04-4F1A-AC09-8D6885539086}.Release|x86.ActiveCfg = Release|Any CPU
		{A013609F-7E04-4F1A-AC09-8D6885539086}.Release|x86.Build.0 = Release|Any CPU
		{EC69C3F0-74C2-4256-BC4B-021ECEBDC769}.Debug|Any CPU.ActiveCfg = Debug|Any CPU
		{EC69C3F0-74C2-4256-BC4B-021ECEBDC769}.Debug|Any CPU.Build.0 = Debug|Any CPU
		{EC69C3F0-74C2-4256-BC4B-021ECEBDC769}.Debug|ARM.ActiveCfg = Debug|Any CPU
		{EC69C3F0-74C2-4256-BC4B-021ECEBDC769}.Debug|ARM.Build.0 = Debug|Any CPU
		{EC69C3F0-74C2-4256-BC4B-021ECEBDC769}.Debug|x64.ActiveCfg = Debug|Any CPU
		{EC69C3F0-74C2-4256-BC4B-021ECEBDC769}.Debug|x64.Build.0 = Debug|Any CPU
		{EC69C3F0-74C2-4256-BC4B-021ECEBDC769}.Debug|x86.ActiveCfg = Debug|Any CPU
		{EC69C3F0-74C2-4256-BC4B-021ECEBDC769}.Debug|x86.Build.0 = Debug|Any CPU
		{EC69C3F0-74C2-4256-BC4B-021ECEBDC769}.Release|Any CPU.ActiveCfg = Release|Any CPU
		{EC69C3F0-74C2-4256-BC4B-021ECEBDC769}.Release|Any CPU.Build.0 = Release|Any CPU
		{EC69C3F0-74C2-4256-BC4B-021ECEBDC769}.Release|ARM.ActiveCfg = Release|Any CPU
		{EC69C3F0-74C2-4256-BC4B-021ECEBDC769}.Release|ARM.Build.0 = Release|Any CPU
		{EC69C3F0-74C2-4256-BC4B-021ECEBDC769}.Release|x64.ActiveCfg = Release|Any CPU
		{EC69C3F0-74C2-4256-BC4B-021ECEBDC769}.Release|x64.Build.0 = Release|Any CPU
		{EC69C3F0-74C2-4256-BC4B-021ECEBDC769}.Release|x86.ActiveCfg = Release|Any CPU
		{EC69C3F0-74C2-4256-BC4B-021ECEBDC769}.Release|x86.Build.0 = Release|Any CPU
		{2D43EA9B-92B5-449B-8496-070BD37611A5}.Debug|Any CPU.ActiveCfg = Debug|Any CPU
		{2D43EA9B-92B5-449B-8496-070BD37611A5}.Debug|Any CPU.Build.0 = Debug|Any CPU
		{2D43EA9B-92B5-449B-8496-070BD37611A5}.Debug|ARM.ActiveCfg = Debug|Any CPU
		{2D43EA9B-92B5-449B-8496-070BD37611A5}.Debug|ARM.Build.0 = Debug|Any CPU
		{2D43EA9B-92B5-449B-8496-070BD37611A5}.Debug|x64.ActiveCfg = Debug|Any CPU
		{2D43EA9B-92B5-449B-8496-070BD37611A5}.Debug|x64.Build.0 = Debug|Any CPU
		{2D43EA9B-92B5-449B-8496-070BD37611A5}.Debug|x86.ActiveCfg = Debug|Any CPU
		{2D43EA9B-92B5-449B-8496-070BD37611A5}.Debug|x86.Build.0 = Debug|Any CPU
		{2D43EA9B-92B5-449B-8496-070BD37611A5}.Release|Any CPU.ActiveCfg = Release|Any CPU
		{2D43EA9B-92B5-449B-8496-070BD37611A5}.Release|Any CPU.Build.0 = Release|Any CPU
		{2D43EA9B-92B5-449B-8496-070BD37611A5}.Release|ARM.ActiveCfg = Release|Any CPU
		{2D43EA9B-92B5-449B-8496-070BD37611A5}.Release|ARM.Build.0 = Release|Any CPU
		{2D43EA9B-92B5-449B-8496-070BD37611A5}.Release|x64.ActiveCfg = Release|Any CPU
		{2D43EA9B-92B5-449B-8496-070BD37611A5}.Release|x64.Build.0 = Release|Any CPU
		{2D43EA9B-92B5-449B-8496-070BD37611A5}.Release|x86.ActiveCfg = Release|Any CPU
		{2D43EA9B-92B5-449B-8496-070BD37611A5}.Release|x86.Build.0 = Release|Any CPU
	EndGlobalSection
	GlobalSection(SolutionProperties) = preSolution
		HideSolutionNode = FALSE
	EndGlobalSection
	GlobalSection(NestedProjects) = preSolution
		{2D43EA9B-92B5-449B-8496-070BD37611A5} = {0CA3F39C-DDAE-4500-AA4C-62707E641DA8}
	EndGlobalSection
EndGlobal
